
Microsoft Visual Studio Solution File, Format Version 12.00
# Visual Studio Version 16
VisualStudioVersion = 16.0.28822.285
MinimumVisualStudioVersion = 10.0.40219.1
Project("{888888A0-9F3D-457C-B088-3A5042F75D52}") = "TestPythonBot", "TestPythonBot.pyproj", "{D34E4602-69A3-4344-8D59-FA2025755F5A}"
EndProject
Global
	GlobalSection(SolutionConfigurationPlatforms) = preSolution
		Debug|Any CPU = Debug|Any CPU
		Release|Any CPU = Release|Any CPU
	EndGlobalSection
	GlobalSection(ProjectConfigurationPlatforms) = postSolution
		{D34E4602-69A3-4344-8D59-FA2025755F5A}.Debug|Any CPU.ActiveCfg = Debug|Any CPU
		{D34E4602-69A3-4344-8D59-FA2025755F5A}.Release|Any CPU.ActiveCfg = Release|Any CPU
	EndGlobalSection
	GlobalSection(SolutionProperties) = preSolution
		HideSolutionNode = FALSE
	EndGlobalSection
	GlobalSection(ExtensibilityGlobals) = postSolution
		SolutionGuid = {CBE67C61-399C-46F0-B247-32FDDADAA992}
	EndGlobalSection
EndGlobal
